{
  "version": 4,
  "terraform_version": "1.4.3",
  "serial": 97,
  "lineage": "0c24d177-bbce-8be8-70ab-7216bdc23915",
  "outputs": {
    "public_ip_address": {
      "value": "aziz-vm : 51.124.245.147",
      "type": "string"
    }
  },
  "resources": [
    {
      "mode": "data",
      "type": "azurerm_public_ip",
      "name": "aziz-ip-data",
      "provider": "provider[\"registry.terraform.io/hashicorp/azurerm\"]",
      "instances": [
        {
          "schema_version": 0,
          "attributes": {
            "allocation_method": "Dynamic",
            "domain_name_label": "",
            "fqdn": "",
            "id": "/subscriptions/8d068e1b-3c9f-49a7-bd9e-7972ea899d96/resourceGroups/aziz-resources/providers/Microsoft.Network/publicIPAddresses/aziz-ip",
            "idle_timeout_in_minutes": 4,
            "ip_address": "51.124.245.147",
            "ip_tags": {},
            "ip_version": "IPv4",
            "location": "westeurope",
            "name": "aziz-ip",
            "resource_group_name": "aziz-resources",
            "reverse_fqdn": "",
            "sku": "Basic",
            "tags": {
              "environment": "dev"
            },
            "timeouts": null,
            "zones": []
          },
          "sensitive_attributes": []
        }
      ]
    },
    {
      "mode": "managed",
      "type": "azurerm_linux_virtual_machine",
      "name": "aziz-vm",
      "provider": "provider[\"registry.terraform.io/hashicorp/azurerm\"]",
      "instances": [
        {
          "schema_version": 0,
          "attributes": {
            "additional_capabilities": [],
            "admin_password": null,
            "admin_ssh_key": [
              {
                "public_key": "ssh-rsa AAAAB3NzaC1yc2EAAAADAQABAAABgQCkgLl65AaIvp7wcvHa7TkH6c8HQtDQPCWKf3JXLKdmRkwE2X9d2CImdFyEhlXd7I2N0q96OqivgPgxGqpL737FEmaAmDOkc7NIzkzkz9sXz8UolyIrQp4hDXWNeiYM9JUx78VwYXBTwjvcNxMiWadRV1Rv8FaOihzU3qj6/Z77u/++Rok3r4yPTk/zZFZCDkvRSYNBClQem9tD19Sun5gSuDr63a8KJv5MWwQ7gf+/hYJ9g4eoYYQUvTD8h3Gtt775z8v+V70NTwTWUPkf8y6EQ0U67MvxyBo+rpfczGy0il6F+8XU+fOhBVhog0k2Mm5P7mo+AV1/VVqtUCfMryOXm1CHdNriik4PgOik+n4QYTK1AJQAd/t9jGnDeHtKI9W6+lpgcICpzi86oHN1t7Gjsr7aOJOpV6GHpj1uoZqHwJdN/3tUX0eF7hz9s6ZugUSy4cN9/mzxx9DGmTLVsaxAAPg8eMHH3Jv6FiX/m/q3/iBnSxm4IwhpSacV+0hCdqM= ahmedaziz@192.168.0.213\n",
                "username": "adminuser"
              }
            ],
            "admin_username": "adminuser",
            "allow_extension_operations": true,
            "availability_set_id": "",
            "boot_diagnostics": [],
            "computer_name": "aziz-vm",
            "custom_data": "IyEvYmluL2Jhc2gKc3VkbyBhcHQtZ2V0IHVwZGF0ZSAteSAmJgpzdWRvIGFwdC1nZXQgaW5zdGFsbCAteSBcCiAgICBhcHQtdHJhbnNwb3J0LWh0dHBzIFwKICAgIGNhLWNlcnRpZmljYXRlcyBcCiAgICBjdXJsIFwKICAgIGdudXBnLWFnZW50IFwKICAgIHNvZnR3YXJlLXByb3BlcnRpZXMtY29tbW9uICYmCmN1cmwgLWZzU0wgaHR0cHM6Ly9kb3dubG9hZC5kb2NrZXIuY29tL2xpbnV4L3VidW50dS9ncGcgfCBzdWRvIGFwdC1rZXkgYWRkIC0gJiYKc3VkbyBhZGQtYXB0LXJlcG9zaXRvcnkgImRlYiBbYXJjaD1hbWQ2NF0gaHR0cHM6Ly9kb3dubG9hZC5kb2NrZXIuY29tL2xpbnV4L3VidW50dSAkKGxzYl9yZWxlYXNlIC1jcykgc3RhYmxlIiAmJgpzdWRvIGFwdC1nZXQgdXBkYXRlIC15ICYmCnN1ZG8gYXB0LWdldCBpbnN0YWxsIC15IGRvY2tlci1jZSBkb2NrZXItY2UtY2xpIGNvbnRhaW5lcmQuaW8gJiYKc3VkbyB1c2VybW9kIC1hRyBkb2NrZXIgdWJ1bnR1Cg==",
            "dedicated_host_group_id": "",
            "dedicated_host_id": "",
            "disable_password_authentication": true,
            "edge_zone": "",
            "encryption_at_host_enabled": false,
            "eviction_policy": "",
            "extensions_time_budget": "PT1H30M",
            "id": "/subscriptions/8d068e1b-3c9f-49a7-bd9e-7972ea899d96/resourceGroups/aziz-resources/providers/Microsoft.Compute/virtualMachines/aziz-vm",
            "identity": [],
            "license_type": "",
            "location": "westeurope",
            "max_bid_price": -1,
            "name": "aziz-vm",
            "network_interface_ids": [
              "/subscriptions/8d068e1b-3c9f-49a7-bd9e-7972ea899d96/resourceGroups/aziz-resources/providers/Microsoft.Network/networkInterfaces/aziz-nic"
            ],
            "os_disk": [
              {
                "caching": "ReadWrite",
                "diff_disk_settings": [],
                "disk_encryption_set_id": "",
                "disk_size_gb": 30,
                "name": "aziz-example",
                "storage_account_type": "Standard_LRS",
                "write_accelerator_enabled": false
              }
            ],
            "patch_mode": "ImageDefault",
            "plan": [],
            "platform_fault_domain": -1,
            "priority": "Regular",
            "private_ip_address": "10.123.1.4",
            "private_ip_addresses": [
              "10.123.1.4"
            ],
            "provision_vm_agent": true,
            "proximity_placement_group_id": "",
            "public_ip_address": "51.124.245.147",
            "public_ip_addresses": [
              "51.124.245.147"
            ],
            "resource_group_name": "aziz-resources",
            "secret": [],
            "secure_boot_enabled": false,
            "size": "Standard_B1s",
            "source_image_id": "",
            "source_image_reference": [
              {
                "offer": "UbuntuServer",
                "publisher": "Canonical",
                "sku": "18.04-LTS",
                "version": "latest"
              }
            ],
            "tags": {
              "environment": "dev"
            },
            "termination_notification": [],
            "timeouts": null,
            "user_data": "",
            "virtual_machine_id": "90434b58-caee-4b94-91b2-818b3b56b1a1",
            "virtual_machine_scale_set_id": "",
            "vtpm_enabled": false,
            "zone": ""
          },
          "sensitive_attributes": [],
          "private": "eyJlMmJmYjczMC1lY2FhLTExZTYtOGY4OC0zNDM2M2JjN2M0YzAiOnsiY3JlYXRlIjoyNzAwMDAwMDAwMDAwLCJkZWxldGUiOjI3MDAwMDAwMDAwMDAsInJlYWQiOjMwMDAwMDAwMDAwMCwidXBkYXRlIjoyNzAwMDAwMDAwMDAwfX0=",
          "dependencies": [
            "azurerm_network_interface.aziz-nic",
            "azurerm_public_ip.aziz-ip",
            "azurerm_resource_group.aziz-rg",
            "azurerm_subnet.aziz-subnet",
            "azurerm_virtual_network.aziz-vn"
          ]
        }
      ]
    },
    {
      "mode": "managed",
      "type": "azurerm_network_interface",
      "name": "aziz-nic",
      "provider": "provider[\"registry.terraform.io/hashicorp/azurerm\"]",
      "instances": [
        {
          "schema_version": 0,
          "attributes": {
            "applied_dns_servers": [],
            "dns_servers": [],
            "edge_zone": "",
            "enable_accelerated_networking": false,
            "enable_ip_forwarding": false,
            "id": "/subscriptions/8d068e1b-3c9f-49a7-bd9e-7972ea899d96/resourceGroups/aziz-resources/providers/Microsoft.Network/networkInterfaces/aziz-nic",
            "internal_dns_name_label": "",
            "internal_domain_name_suffix": "ztd3d54q5u4ehfsshjvax5gejc.ax.internal.cloudapp.net",
            "ip_configuration": [
              {
                "gateway_load_balancer_frontend_ip_configuration_id": "",
                "name": "internal",
                "primary": true,
                "private_ip_address": "10.123.1.4",
                "private_ip_address_allocation": "Dynamic",
                "private_ip_address_version": "IPv4",
                "public_ip_address_id": "/subscriptions/8d068e1b-3c9f-49a7-bd9e-7972ea899d96/resourceGroups/aziz-resources/providers/Microsoft.Network/publicIPAddresses/aziz-ip",
                "subnet_id": "/subscriptions/8d068e1b-3c9f-49a7-bd9e-7972ea899d96/resourceGroups/aziz-resources/providers/Microsoft.Network/virtualNetworks/aziz-network/subnets/aziz-subnet"
              }
            ],
            "location": "westeurope",
            "mac_address": "00-22-48-86-2F-65",
            "name": "aziz-nic",
            "private_ip_address": "10.123.1.4",
            "private_ip_addresses": [
              "10.123.1.4"
            ],
            "resource_group_name": "aziz-resources",
            "tags": {
              "environment": "dev"
            },
            "timeouts": null,
            "virtual_machine_id": "/subscriptions/8d068e1b-3c9f-49a7-bd9e-7972ea899d96/resourceGroups/aziz-resources/providers/Microsoft.Compute/virtualMachines/aziz-vm"
          },
          "sensitive_attributes": [],
          "private": "eyJlMmJmYjczMC1lY2FhLTExZTYtOGY4OC0zNDM2M2JjN2M0YzAiOnsiY3JlYXRlIjoxODAwMDAwMDAwMDAwLCJkZWxldGUiOjE4MDAwMDAwMDAwMDAsInJlYWQiOjMwMDAwMDAwMDAwMCwidXBkYXRlIjoxODAwMDAwMDAwMDAwfX0=",
          "dependencies": [
            "azurerm_public_ip.aziz-ip",
            "azurerm_resource_group.aziz-rg",
            "azurerm_subnet.aziz-subnet",
            "azurerm_virtual_network.aziz-vn"
          ]
        }
      ]
    },
    {
      "mode": "managed",
      "type": "azurerm_network_security_group",
      "name": "aziz-sg",
      "provider": "provider[\"registry.terraform.io/hashicorp/azurerm\"]",
      "instances": [
        {
          "schema_version": 0,
          "attributes": {
            "id": "/subscriptions/8d068e1b-3c9f-49a7-bd9e-7972ea899d96/resourceGroups/aziz-resources/providers/Microsoft.Network/networkSecurityGroups/aziz-sg",
            "location": "westeurope",
            "name": "aziz-sg",
            "resource_group_name": "aziz-resources",
            "security_rule": [
              {
                "access": "Allow",
                "description": "",
                "destination_address_prefix": "*",
                "destination_address_prefixes": [],
                "destination_application_security_group_ids": [],
                "destination_port_range": "*",
                "destination_port_ranges": [],
                "direction": "Inbound",
                "name": "aziz-dev-rule",
                "priority": 100,
                "protocol": "*",
                "source_address_prefix": "*",
                "source_address_prefixes": [],
                "source_application_security_group_ids": [],
                "source_port_range": "*",
                "source_port_ranges": []
              }
            ],
            "tags": {
              "environment": "dev"
            },
            "timeouts": null
          },
          "sensitive_attributes": [],
          "private": "eyJlMmJmYjczMC1lY2FhLTExZTYtOGY4OC0zNDM2M2JjN2M0YzAiOnsiY3JlYXRlIjoxODAwMDAwMDAwMDAwLCJkZWxldGUiOjE4MDAwMDAwMDAwMDAsInJlYWQiOjMwMDAwMDAwMDAwMCwidXBkYXRlIjoxODAwMDAwMDAwMDAwfX0=",
          "dependencies": [
            "azurerm_resource_group.aziz-rg"
          ]
        }
      ]
    },
    {
      "mode": "managed",
      "type": "azurerm_network_security_rule",
      "name": "aziz-dev-rule",
      "provider": "provider[\"registry.terraform.io/hashicorp/azurerm\"]",
      "instances": [
        {
          "schema_version": 0,
          "attributes": {
            "access": "Allow",
            "description": "",
            "destination_address_prefix": "*",
            "destination_address_prefixes": [],
            "destination_application_security_group_ids": [],
            "destination_port_range": "*",
            "destination_port_ranges": [],
            "direction": "Inbound",
            "id": "/subscriptions/8d068e1b-3c9f-49a7-bd9e-7972ea899d96/resourceGroups/aziz-resources/providers/Microsoft.Network/networkSecurityGroups/aziz-sg/securityRules/aziz-dev-rule",
            "name": "aziz-dev-rule",
            "network_security_group_name": "aziz-sg",
            "priority": 100,
            "protocol": "*",
            "resource_group_name": "aziz-resources",
            "source_address_prefix": "*",
            "source_address_prefixes": [],
            "source_application_security_group_ids": [],
            "source_port_range": "*",
            "source_port_ranges": [],
            "timeouts": null
          },
          "sensitive_attributes": [],
          "private": "eyJlMmJmYjczMC1lY2FhLTExZTYtOGY4OC0zNDM2M2JjN2M0YzAiOnsiY3JlYXRlIjoxODAwMDAwMDAwMDAwLCJkZWxldGUiOjE4MDAwMDAwMDAwMDAsInJlYWQiOjMwMDAwMDAwMDAwMCwidXBkYXRlIjoxODAwMDAwMDAwMDAwfX0=",
          "dependencies": [
            "azurerm_network_security_group.aziz-sg",
            "azurerm_resource_group.aziz-rg"
          ]
        }
      ]
    },
    {
      "mode": "managed",
      "type": "azurerm_public_ip",
      "name": "aziz-ip",
      "provider": "provider[\"registry.terraform.io/hashicorp/azurerm\"]",
      "instances": [
        {
          "schema_version": 0,
          "attributes": {
            "allocation_method": "Dynamic",
            "domain_name_label": null,
            "edge_zone": "",
            "fqdn": null,
            "id": "/subscriptions/8d068e1b-3c9f-49a7-bd9e-7972ea899d96/resourceGroups/aziz-resources/providers/Microsoft.Network/publicIPAddresses/aziz-ip",
            "idle_timeout_in_minutes": 4,
            "ip_address": "51.124.245.147",
            "ip_tags": {},
            "ip_version": "IPv4",
            "location": "westeurope",
            "name": "aziz-ip",
            "public_ip_prefix_id": null,
            "resource_group_name": "aziz-resources",
            "reverse_fqdn": null,
            "sku": "Basic",
            "sku_tier": "Regional",
            "tags": {
              "environment": "dev"
            },
            "timeouts": null,
            "zones": []
          },
          "sensitive_attributes": [],
          "private": "eyJlMmJmYjczMC1lY2FhLTExZTYtOGY4OC0zNDM2M2JjN2M0YzAiOnsiY3JlYXRlIjoxODAwMDAwMDAwMDAwLCJkZWxldGUiOjE4MDAwMDAwMDAwMDAsInJlYWQiOjMwMDAwMDAwMDAwMCwidXBkYXRlIjoxODAwMDAwMDAwMDAwfX0=",
          "dependencies": [
            "azurerm_resource_group.aziz-rg"
          ]
        }
      ]
    },
    {
      "mode": "managed",
      "type": "azurerm_resource_group",
      "name": "aziz-rg",
      "provider": "provider[\"registry.terraform.io/hashicorp/azurerm\"]",
      "instances": [
        {
          "schema_version": 0,
          "attributes": {
            "id": "/subscriptions/8d068e1b-3c9f-49a7-bd9e-7972ea899d96/resourceGroups/aziz-resources",
            "location": "westeurope",
            "name": "aziz-resources",
            "tags": {
              "environment": "dev"
            },
            "timeouts": null
          },
          "sensitive_attributes": [],
          "private": "eyJlMmJmYjczMC1lY2FhLTExZTYtOGY4OC0zNDM2M2JjN2M0YzAiOnsiY3JlYXRlIjo1NDAwMDAwMDAwMDAwLCJkZWxldGUiOjU0MDAwMDAwMDAwMDAsInJlYWQiOjMwMDAwMDAwMDAwMCwidXBkYXRlIjo1NDAwMDAwMDAwMDAwfX0="
        }
      ]
    },
    {
      "mode": "managed",
      "type": "azurerm_subnet",
      "name": "aziz-subnet",
      "provider": "provider[\"registry.terraform.io/hashicorp/azurerm\"]",
      "instances": [
        {
          "schema_version": 0,
          "attributes": {
            "address_prefixes": [
              "10.123.1.0/24"
            ],
            "delegation": [],
            "enforce_private_link_endpoint_network_policies": false,
            "enforce_private_link_service_network_policies": false,
            "id": "/subscriptions/8d068e1b-3c9f-49a7-bd9e-7972ea899d96/resourceGroups/aziz-resources/providers/Microsoft.Network/virtualNetworks/aziz-network/subnets/aziz-subnet",
            "name": "aziz-subnet",
            "resource_group_name": "aziz-resources",
            "service_endpoint_policy_ids": [],
            "service_endpoints": [],
            "timeouts": null,
            "virtual_network_name": "aziz-network"
          },
          "sensitive_attributes": [],
          "private": "eyJlMmJmYjczMC1lY2FhLTExZTYtOGY4OC0zNDM2M2JjN2M0YzAiOnsiY3JlYXRlIjoxODAwMDAwMDAwMDAwLCJkZWxldGUiOjE4MDAwMDAwMDAwMDAsInJlYWQiOjMwMDAwMDAwMDAwMCwidXBkYXRlIjoxODAwMDAwMDAwMDAwfX0=",
          "dependencies": [
            "azurerm_resource_group.aziz-rg",
            "azurerm_virtual_network.aziz-vn"
          ]
        }
      ]
    },
    {
      "mode": "managed",
      "type": "azurerm_subnet_network_security_group_association",
      "name": "aziz-sga",
      "provider": "provider[\"registry.terraform.io/hashicorp/azurerm\"]",
      "instances": [
        {
          "schema_version": 0,
          "attributes": {
            "id": "/subscriptions/8d068e1b-3c9f-49a7-bd9e-7972ea899d96/resourceGroups/aziz-resources/providers/Microsoft.Network/virtualNetworks/aziz-network/subnets/aziz-subnet",
            "network_security_group_id": "/subscriptions/8d068e1b-3c9f-49a7-bd9e-7972ea899d96/resourceGroups/aziz-resources/providers/Microsoft.Network/networkSecurityGroups/aziz-sg",
            "subnet_id": "/subscriptions/8d068e1b-3c9f-49a7-bd9e-7972ea899d96/resourceGroups/aziz-resources/providers/Microsoft.Network/virtualNetworks/aziz-network/subnets/aziz-subnet",
            "timeouts": null
          },
          "sensitive_attributes": [],
          "private": "eyJlMmJmYjczMC1lY2FhLTExZTYtOGY4OC0zNDM2M2JjN2M0YzAiOnsiY3JlYXRlIjoxODAwMDAwMDAwMDAwLCJkZWxldGUiOjE4MDAwMDAwMDAwMDAsInJlYWQiOjMwMDAwMDAwMDAwMCwidXBkYXRlIjoxODAwMDAwMDAwMDAwfX0=",
          "dependencies": [
            "azurerm_network_security_group.aziz-sg",
            "azurerm_resource_group.aziz-rg",
            "azurerm_subnet.aziz-subnet",
            "azurerm_virtual_network.aziz-vn"
          ]
        }
      ]
    },
    {
      "mode": "managed",
      "type": "azurerm_virtual_network",
      "name": "aziz-vn",
      "provider": "provider[\"registry.terraform.io/hashicorp/azurerm\"]",
      "instances": [
        {
          "schema_version": 0,
          "attributes": {
            "address_space": [
              "10.123.0.0/16"
            ],
            "bgp_community": "",
            "ddos_protection_plan": [],
            "dns_servers": [],
            "edge_zone": "",
            "flow_timeout_in_minutes": 0,
            "guid": "ffd1c7cc-fdd0-433c-9652-3a6a0bfcc44a",
            "id": "/subscriptions/8d068e1b-3c9f-49a7-bd9e-7972ea899d96/resourceGroups/aziz-resources/providers/Microsoft.Network/virtualNetworks/aziz-network",
            "location": "westeurope",
            "name": "aziz-network",
            "resource_group_name": "aziz-resources",
            "subnet": [
              {
                "address_prefix": "10.123.1.0/24",
                "id": "/subscriptions/8d068e1b-3c9f-49a7-bd9e-7972ea899d96/resourceGroups/aziz-resources/providers/Microsoft.Network/virtualNetworks/aziz-network/subnets/aziz-subnet",
                "name": "aziz-subnet",
                "security_group": "/subscriptions/8d068e1b-3c9f-49a7-bd9e-7972ea899d96/resourceGroups/aziz-resources/providers/Microsoft.Network/networkSecurityGroups/aziz-sg"
              }
            ],
            "tags": {
              "environment": "dev"
            },
            "timeouts": null
          },
          "sensitive_attributes": [],
          "private": "eyJlMmJmYjczMC1lY2FhLTExZTYtOGY4OC0zNDM2M2JjN2M0YzAiOnsiY3JlYXRlIjoxODAwMDAwMDAwMDAwLCJkZWxldGUiOjE4MDAwMDAwMDAwMDAsInJlYWQiOjMwMDAwMDAwMDAwMCwidXBkYXRlIjoxODAwMDAwMDAwMDAwfX0=",
          "dependencies": [
            "azurerm_resource_group.aziz-rg"
          ]
        }
      ]
    }
  ],
  "check_results": null
}
